// !$*UTF8*$!
{
	archiveVersion = 1;
	classes = {
	};
	objectVersion = 46;
	objects = {

/* Begin PBXBuildFile section */
		30EDB98B1A6ED8D400BDC990 /* main.m in Sources */ = {isa = PBXBuildFile; fileRef = 30EDB98A1A6ED8D400BDC990 /* main.m */; };
		30EDB98E1A6ED8D400BDC990 /* AppDelegate.m in Sources */ = {isa = PBXBuildFile; fileRef = 30EDB98D1A6ED8D400BDC990 /* AppDelegate.m */; };
		30EDB9901A6ED8D400BDC990 /* Shader.fsh in Resources */ = {isa = PBXBuildFile; fileRef = 30EDB98F1A6ED8D400BDC990 /* Shader.fsh */; };
		30EDB9921A6ED8D400BDC990 /* Shader.vsh in Resources */ = {isa = PBXBuildFile; fileRef = 30EDB9911A6ED8D400BDC990 /* Shader.vsh */; };
		30EDB9951A6ED8D400BDC990 /* GameViewController.m in Sources */ = {isa = PBXBuildFile; fileRef = 30EDB9941A6ED8D400BDC990 /* GameViewController.m */; };
		30EDB9981A6ED8D400BDC990 /* Main.storyboard in Resources */ = {isa = PBXBuildFile; fileRef = 30EDB9961A6ED8D400BDC990 /* Main.storyboard */; };
		30EDB99A1A6ED8D400BDC990 /* Images.xcassets in Resources */ = {isa = PBXBuildFile; fileRef = 30EDB9991A6ED8D400BDC990 /* Images.xcassets */; };
		30EDB99D1A6ED8D400BDC990 /* LaunchScreen.xib in Resources */ = {isa = PBXBuildFile; fileRef = 30EDB99B1A6ED8D400BDC990 /* LaunchScreen.xib */; };
		30EDB9A91A6ED8D400BDC990 /* ProjectGreyTests.m in Sources */ = {isa = PBXBuildFile; fileRef = 30EDB9A81A6ED8D400BDC990 /* ProjectGreyTests.m */; };
/* End PBXBuildFile section */

/* Begin PBXContainerItemProxy section */
		30EDB9A31A6ED8D400BDC990 /* PBXContainerItemProxy */ = {
			isa = PBXContainerItemProxy;
			containerPortal = 30EDB97D1A6ED8D400BDC990 /* Project object */;
			proxyType = 1;
			remoteGlobalIDString = 30EDB9841A6ED8D400BDC990;
			remoteInfo = ProjectGrey;
		};
/* End PBXContainerItemProxy section */

/* Begin PBXFileReference section */
		30EDB9851A6ED8D400BDC990 /* ProjectGrey.app */ = {isa = PBXFileReference; explicitFileType = wrapper.application; includeInIndex = 0; path = ProjectGrey.app; sourceTree = BUILT_PRODUCTS_DIR; };
		30EDB9891A6ED8D400BDC990 /* Info.plist */ = {isa = PBXFileReference; lastKnownFileType = text.plist.xml; path = Info.plist; sourceTree = "<group>"; };
		30EDB98A1A6ED8D400BDC990 /* main.m */ = {isa = PBXFileReference; lastKnownFileType = sourcecode.c.objc; path = main.m; sourceTree = "<group>"; };
		30EDB98C1A6ED8D400BDC990 /* AppDelegate.h */ = {isa = PBXFileReference; lastKnownFileType = sourcecode.c.h; path = AppDelegate.h; sourceTree = "<group>"; };
		30EDB98D1A6ED8D400BDC990 /* AppDelegate.m */ = {isa = PBXFileReference; lastKnownFileType = sourcecode.c.objc; path = AppDelegate.m; sourceTree = "<group>"; };
		30EDB98F1A6ED8D400BDC990 /* Shader.fsh */ = {isa = PBXFileReference; lastKnownFileType = sourcecode.glsl; name = Shader.fsh; path = Shaders/Shader.fsh; sourceTree = "<group>"; };
		30EDB9911A6ED8D400BDC990 /* Shader.vsh */ = {isa = PBXFileReference; lastKnownFileType = sourcecode.glsl; name = Shader.vsh; path = Shaders/Shader.vsh; sourceTree = "<group>"; };
		30EDB9931A6ED8D400BDC990 /* GameViewController.h */ = {isa = PBXFileReference; lastKnownFileType = sourcecode.c.h; path = GameViewController.h; sourceTree = "<group>"; };
		30EDB9941A6ED8D400BDC990 /* GameViewController.m */ = {isa = PBXFileReference; lastKnownFileType = sourcecode.c.objc; path = GameViewController.m; sourceTree = "<group>"; };
		30EDB9971A6ED8D400BDC990 /* Base */ = {isa = PBXFileReference; lastKnownFileType = file.storyboard; name = Base; path = Base.lproj/Main.storyboard; sourceTree = "<group>"; };
		30EDB9991A6ED8D400BDC990 /* Images.xcassets */ = {isa = PBXFileReference; lastKnownFileType = folder.assetcatalog; path = Images.xcassets; sourceTree = "<group>"; };
		30EDB99C1A6ED8D400BDC990 /* Base */ = {isa = PBXFileReference; lastKnownFileType = file.xib; name = Base; path = Base.lproj/LaunchScreen.xib; sourceTree = "<group>"; };
		30EDB9A21A6ED8D400BDC990 /* ProjectGreyTests.xctest */ = {isa = PBXFileReference; explicitFileType = wrapper.cfbundle; includeInIndex = 0; path = ProjectGreyTests.xctest; sourceTree = BUILT_PRODUCTS_DIR; };
		30EDB9A71A6ED8D400BDC990 /* Info.plist */ = {isa = PBXFileReference; lastKnownFileType = text.plist.xml; path = Info.plist; sourceTree = "<group>"; };
		30EDB9A81A6ED8D400BDC990 /* ProjectGreyTests.m */ = {isa = PBXFileReference; lastKnownFileType = sourcecode.c.objc; path = ProjectGreyTests.m; sourceTree = "<group>"; };
/* End PBXFileReference section */

/* Begin PBXFrameworksBuildPhase section */
		30EDB9821A6ED8D400BDC990 /* Frameworks */ = {
			isa = PBXFrameworksBuildPhase;
			buildActionMask = 2147483647;
			files = (
			);
			runOnlyForDeploymentPostprocessing = 0;
		};
		30EDB99F1A6ED8D400BDC990 /* Frameworks */ = {
			isa = PBXFrameworksBuildPhase;
			buildActionMask = 2147483647;
			files = (
			);
			runOnlyForDeploymentPostprocessing = 0;
		};
/* End PBXFrameworksBuildPhase section */

/* Begin PBXGroup section */
		30EDB97C1A6ED8D400BDC990 = {
			isa = PBXGroup;
			children = (
				30EDB9871A6ED8D400BDC990 /* ProjectGrey */,
				30EDB9A51A6ED8D400BDC990 /* ProjectGreyTests */,
				30EDB9861A6ED8D400BDC990 /* Products */,
			);
			sourceTree = "<group>";
		};
		30EDB9861A6ED8D400BDC990 /* Products */ = {
			isa = PBXGroup;
			children = (
				30EDB9851A6ED8D400BDC990 /* ProjectGrey.app */,
				30EDB9A21A6ED8D400BDC990 /* ProjectGreyTests.xctest */,
			);
			name = Products;
			sourceTree = "<group>";
		};
		30EDB9871A6ED8D400BDC990 /* ProjectGrey */ = {
			isa = PBXGroup;
			children = (
				30EDB98C1A6ED8D400BDC990 /* AppDelegate.h */,
				30EDB98D1A6ED8D400BDC990 /* AppDelegate.m */,
				30EDB98F1A6ED8D400BDC990 /* Shader.fsh */,
				30EDB9911A6ED8D400BDC990 /* Shader.vsh */,
				30EDB9931A6ED8D400BDC990 /* GameViewController.h */,
				30EDB9941A6ED8D400BDC990 /* GameViewController.m */,
				30EDB9961A6ED8D400BDC990 /* Main.storyboard */,
				30EDB9991A6ED8D400BDC990 /* Images.xcassets */,
				30EDB99B1A6ED8D400BDC990 /* LaunchScreen.xib */,
				30EDB9881A6ED8D400BDC990 /* Supporting Files */,
			);
			path = ProjectGrey;
			sourceTree = "<group>";
		};
		30EDB9881A6ED8D400BDC990 /* Supporting Files */ = {
			isa = PBXGroup;
			children = (
				30EDB9891A6ED8D400BDC990 /* Info.plist */,
				30EDB98A1A6ED8D400BDC990 /* main.m */,
			);
			name = "Supporting Files";
			sourceTree = "<group>";
		};
		30EDB9A51A6ED8D400BDC990 /* ProjectGreyTests */ = {
			isa = PBXGroup;
			children = (
				30EDB9A81A6ED8D400BDC990 /* ProjectGreyTests.m */,
				30EDB9A61A6ED8D400BDC990 /* Supporting Files */,
			);
			path = ProjectGreyTests;
			sourceTree = "<group>";
		};
		30EDB9A61A6ED8D400BDC990 /* Supporting Files */ = {
			isa = PBXGroup;
			children = (
				30EDB9A71A6ED8D400BDC990 /* Info.plist */,
			);
			name = "Supporting Files";
			sourceTree = "<group>";
		};
/* End PBXGroup section */

/* Begin PBXNativeTarget section */
		30EDB9841A6ED8D400BDC990 /* ProjectGrey */ = {
			isa = PBXNativeTarget;
			buildConfigurationList = 30EDB9AC1A6ED8D400BDC990 /* Build configuration list for PBXNativeTarget "ProjectGrey" */;
			buildPhases = (
				30EDB9811A6ED8D400BDC990 /* Sources */,
				30EDB9821A6ED8D400BDC990 /* Frameworks */,
				30EDB9831A6ED8D400BDC990 /* Resources */,
			);
			buildRules = (
			);
			dependencies = (
			);
			name = ProjectGrey;
			productName = ProjectGrey;
			productReference = 30EDB9851A6ED8D400BDC990 /* ProjectGrey.app */;
			productType = "com.apple.product-type.application";
		};
		30EDB9A11A6ED8D400BDC990 /* ProjectGreyTests */ = {
			isa = PBXNativeTarget;
			buildConfigurationList = 30EDB9AF1A6ED8D400BDC990 /* Build configuration list for PBXNativeTarget "ProjectGreyTests" */;
			buildPhases = (
				30EDB99E1A6ED8D400BDC990 /* Sources */,
				30EDB99F1A6ED8D400BDC990 /* Frameworks */,
				30EDB9A01A6ED8D400BDC990 /* Resources */,
			);
			buildRules = (
			);
			dependencies = (
				30EDB9A41A6ED8D400BDC990 /* PBXTargetDependency */,
			);
			name = ProjectGreyTests;
			productName = ProjectGreyTests;
			productReference = 30EDB9A21A6ED8D400BDC990 /* ProjectGreyTests.xctest */;
			productType = "com.apple.product-type.bundle.unit-test";
		};
/* End PBXNativeTarget section */

/* Begin PBXProject section */
		30EDB97D1A6ED8D400BDC990 /* Project object */ = {
			isa = PBXProject;
			attributes = {
				LastUpgradeCheck = 0610;
				ORGANIZATIONNAME = lamepancake;
				TargetAttributes = {
					30EDB9841A6ED8D400BDC990 = {
						CreatedOnToolsVersion = 6.1.1;
					};
					30EDB9A11A6ED8D400BDC990 = {
						CreatedOnToolsVersion = 6.1.1;
						TestTargetID = 30EDB9841A6ED8D400BDC990;
					};
				};
			};
			buildConfigurationList = 30EDB9801A6ED8D400BDC990 /* Build configuration list for PBXProject "ProjectGrey" */;
			compatibilityVersion = "Xcode 3.2";
			developmentRegion = English;
			hasScannedForEncodings = 0;
			knownRegions = (
				en,
				Base,
			);
			mainGroup = 30EDB97C1A6ED8D400BDC990;
			productRefGroup = 30EDB9861A6ED8D400BDC990 /* Products */;
			projectDirPath = "";
			projectRoot = "";
			targets = (
				30EDB9841A6ED8D400BDC990 /* ProjectGrey */,
				30EDB9A11A6ED8D400BDC990 /* ProjectGreyTests */,
			);
		};
/* End PBXProject section */

/* Begin PBXResourcesBuildPhase section */
		30EDB9831A6ED8D400BDC990 /* Resources */ = {
			isa = PBXResourcesBuildPhase;
			buildActionMask = 2147483647;
			files = (
				30EDB99D1A6ED8D400BDC990 /* LaunchScreen.xib in Resources */,
				30EDB9981A6ED8D400BDC990 /* Main.storyboard in Resources */,
				30EDB99A1A6ED8D400BDC990 /* Images.xcassets in Resources */,
				30EDB9921A6ED8D400BDC990 /* Shader.vsh in Resources */,
				30EDB9901A6ED8D400BDC990 /* Shader.fsh in Resources */,
			);
			runOnlyForDeploymentPostprocessing = 0;
		};
		30EDB9A01A6ED8D400BDC990 /* Resources */ = {
			isa = PBXResourcesBuildPhase;
			buildActionMask = 2147483647;
			files = (
			);
			runOnlyForDeploymentPostprocessing = 0;
		};
/* End PBXResourcesBuildPhase section */

/* Begin PBXSourcesBuildPhase section */
		30EDB9811A6ED8D400BDC990 /* Sources */ = {
			isa = PBXSourcesBuildPhase;
			buildActionMask = 2147483647;
			files = (
				30EDB98E1A6ED8D400BDC990 /* AppDelegate.m in Sources */,
				30EDB9951A6ED8D400BDC990 /* GameViewController.m in Sources */,
				30EDB98B1A6ED8D400BDC990 /* main.m in Sources */,
			);
			runOnlyForDeploymentPostprocessing = 0;
		};
		30EDB99E1A6ED8D400BDC990 /* Sources */ = {
			isa = PBXSourcesBuildPhase;
			buildActionMask = 2147483647;
			files = (
				30EDB9A91A6ED8D400BDC990 /* ProjectGreyTests.m in Sources */,
			);
			runOnlyForDeploymentPostprocessing = 0;
		};
/* End PBXSourcesBuildPhase section */

/* Begin PBXTargetDependency section */
		30EDB9A41A6ED8D400BDC990 /* PBXTargetDependency */ = {
			isa = PBXTargetDependency;
			target = 30EDB9841A6ED8D400BDC990 /* ProjectGrey */;
			targetProxy = 30EDB9A31A6ED8D400BDC990 /* PBXContainerItemProxy */;
		};
/* End PBXTargetDependency section */

/* Begin PBXVariantGroup section */
		30EDB9961A6ED8D400BDC990 /* Main.storyboard */ = {
			isa = PBXVariantGroup;
			children = (
				30EDB9971A6ED8D400BDC990 /* Base */,
			);
			name = Main.storyboard;
			sourceTree = "<group>";
		};
		30EDB99B1A6ED8D400BDC990 /* LaunchScreen.xib */ = {
			isa = PBXVariantGroup;
			children = (
				30EDB99C1A6ED8D400BDC990 /* Base */,
			);
			name = LaunchScreen.xib;
			sourceTree = "<group>";
		};
/* End PBXVariantGroup section */

/* Begin XCBuildConfiguration section */
		30EDB9AA1A6ED8D400BDC990 /* Debug */ = {
			isa = XCBuildConfiguration;
			buildSettings = {
				ALWAYS_SEARCH_USER_PATHS = NO;
				CLANG_CXX_LANGUAGE_STANDARD = "gnu++0x";
				CLANG_CXX_LIBRARY = "libc++";
				CLANG_ENABLE_MODULES = YES;
				CLANG_ENABLE_OBJC_ARC = YES;
				CLANG_WARN_BOOL_CONVERSION = YES;
				CLANG_WARN_CONSTANT_CONVERSION = YES;
				CLANG_WARN_DIRECT_OBJC_ISA_USAGE = YES_ERROR;
				CLANG_WARN_EMPTY_BODY = YES;
				CLANG_WARN_ENUM_CONVERSION = YES;
				CLANG_WARN_INT_CONVERSION = YES;
				CLANG_WARN_OBJC_ROOT_CLASS = YES_ERROR;
				CLANG_WARN_UNREACHABLE_CODE = YES;
				CLANG_WARN__DUPLICATE_METHOD_MATCH = YES;
				"CODE_SIGN_IDENTITY[sdk=iphoneos*]" = "iPhone Developer";
				COPY_PHASE_STRIP = NO;
				ENABLE_STRICT_OBJC_MSGSEND = YES;
				GCC_C_LANGUAGE_STANDARD = gnu99;
				GCC_DYNAMIC_NO_PIC = NO;
				GCC_OPTIMIZATION_LEVEL = 0;
				GCC_PREPROCESSOR_DEFINITIONS = (
					"DEBUG=1",
					"$(inherited)",
				);
				GCC_SYMBOLS_PRIVATE_EXTERN = NO;
				GCC_WARN_64_TO_32_BIT_CONVERSION = YES;
				GCC_WARN_ABOUT_RETURN_TYPE = YES_ERROR;
				GCC_WARN_UNDECLARED_SELECTOR = YES;
				GCC_WARN_UNINITIALIZED_AUTOS = YES_AGGRESSIVE;
				GCC_WARN_UNUSED_FUNCTION = YES;
				GCC_WARN_UNUSED_VARIABLE = YES;
				IPHONEOS_DEPLOYMENT_TARGET = 8.1;
				MTL_ENABLE_DEBUG_INFO = YES;
				ONLY_ACTIVE_ARCH = YES;
				SDKROOT = iphoneos;
				TARGETED_DEVICE_FAMILY = "1,2";
			};
			name = Debug;
		};
		30EDB9AB1A6ED8D400BDC990 /* Release */ = {
			isa = XCBuildConfiguration;
			buildSettings = {
				ALWAYS_SEARCH_USER_PATHS = NO;
				CLANG_CXX_LANGUAGE_STANDARD = "gnu++0x";
				CLANG_CXX_LIBRARY = "libc++";
				CLANG_ENABLE_MODULES = YES;
				CLANG_ENABLE_OBJC_ARC = YES;
				CLANG_WARN_BOOL_CONVERSION = YES;
				CLANG_WARN_CONSTANT_CONVERSION = YES;
				CLANG_WARN_DIRECT_OBJC_ISA_USAGE = YES_ERROR;
				CLANG_WARN_EMPTY_BODY = YES;
				CLANG_WARN_ENUM_CONVERSION = YES;
				CLANG_WARN_INT_CONVERSION = YES;
				CLANG_WARN_OBJC_ROOT_CLASS = YES_ERROR;
				CLANG_WARN_UNREACHABLE_CODE = YES;
				CLANG_WARN__DUPLICATE_METHOD_MATCH = YES;
				"CODE_SIGN_IDENTITY[sdk=iphoneos*]" = "iPhone Developer";
				COPY_PHASE_STRIP = YES;
				ENABLE_NS_ASSERTIONS = NO;
				ENABLE_STRICT_OBJC_MSGSEND = YES;
				GCC_C_LANGUAGE_STANDARD = gnu99;
				GCC_WARN_64_TO_32_BIT_CONVERSION = YES;
				GCC_WARN_ABOUT_RETURN_TYPE = YES_ERROR;
				GCC_WARN_UNDECLARED_SELECTOR = YES;
				GCC_WARN_UNINITIALIZED_AUTOS = YES_AGGRESSIVE;
				GCC_WARN_UNUSED_FUNCTION = YES;
				GCC_WARN_UNUSED_VARIABLE = YES;
				IPHONEOS_DEPLOYMENT_TARGET = 8.1;
				MTL_ENABLE_DEBUG_INFO = NO;
				SDKROOT = iphoneos;
				TARGETED_DEVICE_FAMILY = "1,2";
				VALIDATE_PRODUCT = YES;
			};
			name = Release;
		};
		30EDB9AD1A6ED8D400BDC990 /* Debug */ = {
			isa = XCBuildConfiguration;
			buildSettings = {
				ASSETCATALOG_COMPILER_APPICON_NAME = AppIcon;
				INFOPLIST_FILE = ProjectGrey/Info.plist;
				LD_RUNPATH_SEARCH_PATHS = "$(inherited) @executable_path/Frameworks";
				PRODUCT_NAME = "$(TARGET_NAME)";
			};
			name = Debug;
		};
		30EDB9AE1A6ED8D400BDC990 /* Release */ = {
			isa = XCBuildConfiguration;
			buildSettings = {
				ASSETCATALOG_COMPILER_APPICON_NAME = AppIcon;
				INFOPLIST_FILE = ProjectGrey/Info.plist;
				LD_RUNPATH_SEARCH_PATHS = "$(inherited) @executable_path/Frameworks";
				PRODUCT_NAME = "$(TARGET_NAME)";
			};
			name = Release;
		};
		30EDB9B01A6ED8D400BDC990 /* Debug */ = {
			isa = XCBuildConfiguration;
			buildSettings = {
				BUNDLE_LOADER = "$(TEST_HOST)";
				FRAMEWORK_SEARCH_PATHS = (
					"$(SDKROOT)/Developer/Library/Frameworks",
					"$(inherited)",
				);
				GCC_PREPROCESSOR_DEFINITIONS = (
					"DEBUG=1",
					"$(inherited)",
				);
				INFOPLIST_FILE = ProjectGreyTests/Info.plist;
				LD_RUNPATH_SEARCH_PATHS = "$(inherited) @executable_path/Frameworks @loader_path/Frameworks";
				PRODUCT_NAME = "$(TARGET_NAME)";
				TEST_HOST = "$(BUILT_PRODUCTS_DIR)/ProjectGrey.app/ProjectGrey";
			};
			name = Debug;
		};
		30EDB9B11A6ED8D400BDC990 /* Release */ = {
			isa = XCBuildConfiguration;
			buildSettings = {
				BUNDLE_LOADER = "$(TEST_HOST)";
				FRAMEWORK_SEARCH_PATHS = (
					"$(SDKROOT)/Developer/Library/Frameworks",
					"$(inherited)",
				);
				INFOPLIST_FILE = ProjectGreyTests/Info.plist;
				LD_RUNPATH_SEARCH_PATHS = "$(inherited) @executable_path/Frameworks @loader_path/Frameworks";
				PRODUCT_NAME = "$(TARGET_NAME)";
				TEST_HOST = "$(BUILT_PRODUCTS_DIR)/ProjectGrey.app/ProjectGrey";
			};
			name = Release;
		};
/* End XCBuildConfiguration section */

/* Begin XCConfigurationList section */
		30EDB9801A6ED8D400BDC990 /* Build configuration list for PBXProject "ProjectGrey" */ = {
			isa = XCConfigurationList;
			buildConfigurations = (
				30EDB9AA1A6ED8D400BDC990 /* Debug */,
				30EDB9AB1A6ED8D400BDC990 /* Release */,
			);
			defaultConfigurationIsVisible = 0;
			defaultConfigurationName = Release;
		};
		30EDB9AC1A6ED8D400BDC990 /* Build configuration list for PBXNativeTarget "ProjectGrey" */ = {
			isa = XCConfigurationList;
			buildConfigurations = (
				30EDB9AD1A6ED8D400BDC990 /* Debug */,
				30EDB9AE1A6ED8D400BDC990 /* Release */,
			);
			defaultConfigurationIsVisible = 0;
		};
		30EDB9AF1A6ED8D400BDC990 /* Build configuration list for PBXNativeTarget "ProjectGreyTests" */ = {
			isa = XCConfigurationList;
			buildConfigurations = (
				30EDB9B01A6ED8D400BDC990 /* Debug */,
				30EDB9B11A6ED8D400BDC990 /* Release */,
			);
			defaultConfigurationIsVisible = 0;
		};
/* End XCConfigurationList section */
	};
	rootObject = 30EDB97D1A6ED8D400BDC990 /* Project object */;
}
