// !$*UTF8*$!
{
	archiveVersion = 1;
	classes = {
	};
	objectVersion = 46;
	objects = {

/* Begin PBXBuildFile section */
		A58F37D41A6DA10A0070CBFC /* main.m in Sources */ = {isa = PBXBuildFile; fileRef = A58F37D31A6DA10A0070CBFC /* main.m */; };
		A58F37D71A6DA10A0070CBFC /* AppDelegate.m in Sources */ = {isa = PBXBuildFile; fileRef = A58F37D61A6DA10A0070CBFC /* AppDelegate.m */; };
		A58F37DA1A6DA10A0070CBFC /* ViewController.m in Sources */ = {isa = PBXBuildFile; fileRef = A58F37D91A6DA10A0070CBFC /* ViewController.m */; };
		A58F37DD1A6DA10A0070CBFC /* Main.storyboard in Resources */ = {isa = PBXBuildFile; fileRef = A58F37DB1A6DA10A0070CBFC /* Main.storyboard */; };
		A58F37DF1A6DA10A0070CBFC /* Images.xcassets in Resources */ = {isa = PBXBuildFile; fileRef = A58F37DE1A6DA10A0070CBFC /* Images.xcassets */; };
		A58F37E21A6DA10A0070CBFC /* LaunchScreen.xib in Resources */ = {isa = PBXBuildFile; fileRef = A58F37E01A6DA10A0070CBFC /* LaunchScreen.xib */; };
		A58F37EE1A6DA10A0070CBFC /* TestPushTests.m in Sources */ = {isa = PBXBuildFile; fileRef = A58F37ED1A6DA10A0070CBFC /* TestPushTests.m */; };
/* End PBXBuildFile section */

/* Begin PBXContainerItemProxy section */
		A58F37E81A6DA10A0070CBFC /* PBXContainerItemProxy */ = {
			isa = PBXContainerItemProxy;
			containerPortal = A58F37C61A6DA10A0070CBFC /* Project object */;
			proxyType = 1;
			remoteGlobalIDString = A58F37CD1A6DA10A0070CBFC;
			remoteInfo = TestPush;
		};
/* End PBXContainerItemProxy section */

/* Begin PBXFileReference section */
		A58F37CE1A6DA10A0070CBFC /* TestPush.app */ = {isa = PBXFileReference; explicitFileType = wrapper.application; includeInIndex = 0; path = TestPush.app; sourceTree = BUILT_PRODUCTS_DIR; };
		A58F37D21A6DA10A0070CBFC /* Info.plist */ = {isa = PBXFileReference; lastKnownFileType = text.plist.xml; path = Info.plist; sourceTree = "<group>"; };
		A58F37D31A6DA10A0070CBFC /* main.m */ = {isa = PBXFileReference; lastKnownFileType = sourcecode.c.objc; path = main.m; sourceTree = "<group>"; };
		A58F37D51A6DA10A0070CBFC /* AppDelegate.h */ = {isa = PBXFileReference; lastKnownFileType = sourcecode.c.h; path = AppDelegate.h; sourceTree = "<group>"; };
		A58F37D61A6DA10A0070CBFC /* AppDelegate.m */ = {isa = PBXFileReference; lastKnownFileType = sourcecode.c.objc; path = AppDelegate.m; sourceTree = "<group>"; };
		A58F37D81A6DA10A0070CBFC /* ViewController.h */ = {isa = PBXFileReference; lastKnownFileType = sourcecode.c.h; path = ViewController.h; sourceTree = "<group>"; };
		A58F37D91A6DA10A0070CBFC /* ViewController.m */ = {isa = PBXFileReference; lastKnownFileType = sourcecode.c.objc; path = ViewController.m; sourceTree = "<group>"; };
		A58F37DC1A6DA10A0070CBFC /* Base */ = {isa = PBXFileReference; lastKnownFileType = file.storyboard; name = Base; path = Base.lproj/Main.storyboard; sourceTree = "<group>"; };
		A58F37DE1A6DA10A0070CBFC /* Images.xcassets */ = {isa = PBXFileReference; lastKnownFileType = folder.assetcatalog; path = Images.xcassets; sourceTree = "<group>"; };
		A58F37E11A6DA10A0070CBFC /* Base */ = {isa = PBXFileReference; lastKnownFileType = file.xib; name = Base; path = Base.lproj/LaunchScreen.xib; sourceTree = "<group>"; };
		A58F37E71A6DA10A0070CBFC /* TestPushTests.xctest */ = {isa = PBXFileReference; explicitFileType = wrapper.cfbundle; includeInIndex = 0; path = TestPushTests.xctest; sourceTree = BUILT_PRODUCTS_DIR; };
		A58F37EC1A6DA10A0070CBFC /* Info.plist */ = {isa = PBXFileReference; lastKnownFileType = text.plist.xml; path = Info.plist; sourceTree = "<group>"; };
		A58F37ED1A6DA10A0070CBFC /* TestPushTests.m */ = {isa = PBXFileReference; lastKnownFileType = sourcecode.c.objc; path = TestPushTests.m; sourceTree = "<group>"; };
/* End PBXFileReference section */

/* Begin PBXFrameworksBuildPhase section */
		A58F37CB1A6DA10A0070CBFC /* Frameworks */ = {
			isa = PBXFrameworksBuildPhase;
			buildActionMask = 2147483647;
			files = (
			);
			runOnlyForDeploymentPostprocessing = 0;
		};
		A58F37E41A6DA10A0070CBFC /* Frameworks */ = {
			isa = PBXFrameworksBuildPhase;
			buildActionMask = 2147483647;
			files = (
			);
			runOnlyForDeploymentPostprocessing = 0;
		};
/* End PBXFrameworksBuildPhase section */

/* Begin PBXGroup section */
		A58F37C51A6DA10A0070CBFC = {
			isa = PBXGroup;
			children = (
				A58F37D01A6DA10A0070CBFC /* TestPush */,
				A58F37EA1A6DA10A0070CBFC /* TestPushTests */,
				A58F37CF1A6DA10A0070CBFC /* Products */,
			);
			sourceTree = "<group>";
		};
		A58F37CF1A6DA10A0070CBFC /* Products */ = {
			isa = PBXGroup;
			children = (
				A58F37CE1A6DA10A0070CBFC /* TestPush.app */,
				A58F37E71A6DA10A0070CBFC /* TestPushTests.xctest */,
			);
			name = Products;
			sourceTree = "<group>";
		};
		A58F37D01A6DA10A0070CBFC /* TestPush */ = {
			isa = PBXGroup;
			children = (
				A58F37D51A6DA10A0070CBFC /* AppDelegate.h */,
				A58F37D61A6DA10A0070CBFC /* AppDelegate.m */,
				A58F37D81A6DA10A0070CBFC /* ViewController.h */,
				A58F37D91A6DA10A0070CBFC /* ViewController.m */,
				A58F37DB1A6DA10A0070CBFC /* Main.storyboard */,
				A58F37DE1A6DA10A0070CBFC /* Images.xcassets */,
				A58F37E01A6DA10A0070CBFC /* LaunchScreen.xib */,
				A58F37D11A6DA10A0070CBFC /* Supporting Files */,
			);
			path = TestPush;
			sourceTree = "<group>";
		};
		A58F37D11A6DA10A0070CBFC /* Supporting Files */ = {
			isa = PBXGroup;
			children = (
				A58F37D21A6DA10A0070CBFC /* Info.plist */,
				A58F37D31A6DA10A0070CBFC /* main.m */,
			);
			name = "Supporting Files";
			sourceTree = "<group>";
		};
		A58F37EA1A6DA10A0070CBFC /* TestPushTests */ = {
			isa = PBXGroup;
			children = (
				A58F37ED1A6DA10A0070CBFC /* TestPushTests.m */,
				A58F37EB1A6DA10A0070CBFC /* Supporting Files */,
			);
			path = TestPushTests;
			sourceTree = "<group>";
		};
		A58F37EB1A6DA10A0070CBFC /* Supporting Files */ = {
			isa = PBXGroup;
			children = (
				A58F37EC1A6DA10A0070CBFC /* Info.plist */,
			);
			name = "Supporting Files";
			sourceTree = "<group>";
		};
/* End PBXGroup section */

/* Begin PBXNativeTarget section */
		A58F37CD1A6DA10A0070CBFC /* TestPush */ = {
			isa = PBXNativeTarget;
			buildConfigurationList = A58F37F11A6DA10A0070CBFC /* Build configuration list for PBXNativeTarget "TestPush" */;
			buildPhases = (
				A58F37CA1A6DA10A0070CBFC /* Sources */,
				A58F37CB1A6DA10A0070CBFC /* Frameworks */,
				A58F37CC1A6DA10A0070CBFC /* Resources */,
			);
			buildRules = (
			);
			dependencies = (
			);
			name = TestPush;
			productName = TestPush;
			productReference = A58F37CE1A6DA10A0070CBFC /* TestPush.app */;
			productType = "com.apple.product-type.application";
		};
		A58F37E61A6DA10A0070CBFC /* TestPushTests */ = {
			isa = PBXNativeTarget;
			buildConfigurationList = A58F37F41A6DA10A0070CBFC /* Build configuration list for PBXNativeTarget "TestPushTests" */;
			buildPhases = (
				A58F37E31A6DA10A0070CBFC /* Sources */,
				A58F37E41A6DA10A0070CBFC /* Frameworks */,
				A58F37E51A6DA10A0070CBFC /* Resources */,
			);
			buildRules = (
			);
			dependencies = (
				A58F37E91A6DA10A0070CBFC /* PBXTargetDependency */,
			);
			name = TestPushTests;
			productName = TestPushTests;
			productReference = A58F37E71A6DA10A0070CBFC /* TestPushTests.xctest */;
			productType = "com.apple.product-type.bundle.unit-test";
		};
/* End PBXNativeTarget section */

/* Begin PBXProject section */
		A58F37C61A6DA10A0070CBFC /* Project object */ = {
			isa = PBXProject;
			attributes = {
				LastUpgradeCheck = 0610;
				ORGANIZATIONNAME = "Tim Wang";
				TargetAttributes = {
					A58F37CD1A6DA10A0070CBFC = {
						CreatedOnToolsVersion = 6.1.1;
					};
					A58F37E61A6DA10A0070CBFC = {
						CreatedOnToolsVersion = 6.1.1;
						TestTargetID = A58F37CD1A6DA10A0070CBFC;
					};
				};
			};
			buildConfigurationList = A58F37C91A6DA10A0070CBFC /* Build configuration list for PBXProject "TestPush" */;
			compatibilityVersion = "Xcode 3.2";
			developmentRegion = English;
			hasScannedForEncodings = 0;
			knownRegions = (
				en,
				Base,
			);
			mainGroup = A58F37C51A6DA10A0070CBFC;
			productRefGroup = A58F37CF1A6DA10A0070CBFC /* Products */;
			projectDirPath = "";
			projectRoot = "";
			targets = (
				A58F37CD1A6DA10A0070CBFC /* TestPush */,
				A58F37E61A6DA10A0070CBFC /* TestPushTests */,
			);
		};
/* End PBXProject section */

/* Begin PBXResourcesBuildPhase section */
		A58F37CC1A6DA10A0070CBFC /* Resources */ = {
			isa = PBXResourcesBuildPhase;
			buildActionMask = 2147483647;
			files = (
				A58F37DD1A6DA10A0070CBFC /* Main.storyboard in Resources */,
				A58F37E21A6DA10A0070CBFC /* LaunchScreen.xib in Resources */,
				A58F37DF1A6DA10A0070CBFC /* Images.xcassets in Resources */,
			);
			runOnlyForDeploymentPostprocessing = 0;
		};
		A58F37E51A6DA10A0070CBFC /* Resources */ = {
			isa = PBXResourcesBuildPhase;
			buildActionMask = 2147483647;
			files = (
			);
			runOnlyForDeploymentPostprocessing = 0;
		};
/* End PBXResourcesBuildPhase section */

/* Begin PBXSourcesBuildPhase section */
		A58F37CA1A6DA10A0070CBFC /* Sources */ = {
			isa = PBXSourcesBuildPhase;
			buildActionMask = 2147483647;
			files = (
				A58F37DA1A6DA10A0070CBFC /* ViewController.m in Sources */,
				A58F37D71A6DA10A0070CBFC /* AppDelegate.m in Sources */,
				A58F37D41A6DA10A0070CBFC /* main.m in Sources */,
			);
			runOnlyForDeploymentPostprocessing = 0;
		};
		A58F37E31A6DA10A0070CBFC /* Sources */ = {
			isa = PBXSourcesBuildPhase;
			buildActionMask = 2147483647;
			files = (
				A58F37EE1A6DA10A0070CBFC /* TestPushTests.m in Sources */,
			);
			runOnlyForDeploymentPostprocessing = 0;
		};
/* End PBXSourcesBuildPhase section */

/* Begin PBXTargetDependency section */
		A58F37E91A6DA10A0070CBFC /* PBXTargetDependency */ = {
			isa = PBXTargetDependency;
			target = A58F37CD1A6DA10A0070CBFC /* TestPush */;
			targetProxy = A58F37E81A6DA10A0070CBFC /* PBXContainerItemProxy */;
		};
/* End PBXTargetDependency section */

/* Begin PBXVariantGroup section */
		A58F37DB1A6DA10A0070CBFC /* Main.storyboard */ = {
			isa = PBXVariantGroup;
			children = (
				A58F37DC1A6DA10A0070CBFC /* Base */,
			);
			name = Main.storyboard;
			sourceTree = "<group>";
		};
		A58F37E01A6DA10A0070CBFC /* LaunchScreen.xib */ = {
			isa = PBXVariantGroup;
			children = (
				A58F37E11A6DA10A0070CBFC /* Base */,
			);
			name = LaunchScreen.xib;
			sourceTree = "<group>";
		};
/* End PBXVariantGroup section */

/* Begin XCBuildConfiguration section */
		A58F37EF1A6DA10A0070CBFC /* Debug */ = {
			isa = XCBuildConfiguration;
			buildSettings = {
				ALWAYS_SEARCH_USER_PATHS = NO;
				CLANG_CXX_LANGUAGE_STANDARD = "gnu++0x";
				CLANG_CXX_LIBRARY = "libc++";
				CLANG_ENABLE_MODULES = YES;
				CLANG_ENABLE_OBJC_ARC = YES;
				CLANG_WARN_BOOL_CONVERSION = YES;
				CLANG_WARN_CONSTANT_CONVERSION = YES;
				CLANG_WARN_DIRECT_OBJC_ISA_USAGE = YES_ERROR;
				CLANG_WARN_EMPTY_BODY = YES;
				CLANG_WARN_ENUM_CONVERSION = YES;
				CLANG_WARN_INT_CONVERSION = YES;
				CLANG_WARN_OBJC_ROOT_CLASS = YES_ERROR;
				CLANG_WARN_UNREACHABLE_CODE = YES;
				CLANG_WARN__DUPLICATE_METHOD_MATCH = YES;
				"CODE_SIGN_IDENTITY[sdk=iphoneos*]" = "iPhone Developer";
				COPY_PHASE_STRIP = NO;
				ENABLE_STRICT_OBJC_MSGSEND = YES;
				GCC_C_LANGUAGE_STANDARD = gnu99;
				GCC_DYNAMIC_NO_PIC = NO;
				GCC_OPTIMIZATION_LEVEL = 0;
				GCC_PREPROCESSOR_DEFINITIONS = (
					"DEBUG=1",
					"$(inherited)",
				);
				GCC_SYMBOLS_PRIVATE_EXTERN = NO;
				GCC_WARN_64_TO_32_BIT_CONVERSION = YES;
				GCC_WARN_ABOUT_RETURN_TYPE = YES_ERROR;
				GCC_WARN_UNDECLARED_SELECTOR = YES;
				GCC_WARN_UNINITIALIZED_AUTOS = YES_AGGRESSIVE;
				GCC_WARN_UNUSED_FUNCTION = YES;
				GCC_WARN_UNUSED_VARIABLE = YES;
				IPHONEOS_DEPLOYMENT_TARGET = 8.1;
				MTL_ENABLE_DEBUG_INFO = YES;
				ONLY_ACTIVE_ARCH = YES;
				SDKROOT = iphoneos;
				TARGETED_DEVICE_FAMILY = "1,2";
			};
			name = Debug;
		};
		A58F37F01A6DA10A0070CBFC /* Release */ = {
			isa = XCBuildConfiguration;
			buildSettings = {
				ALWAYS_SEARCH_USER_PATHS = NO;
				CLANG_CXX_LANGUAGE_STANDARD = "gnu++0x";
				CLANG_CXX_LIBRARY = "libc++";
				CLANG_ENABLE_MODULES = YES;
				CLANG_ENABLE_OBJC_ARC = YES;
				CLANG_WARN_BOOL_CONVERSION = YES;
				CLANG_WARN_CONSTANT_CONVERSION = YES;
				CLANG_WARN_DIRECT_OBJC_ISA_USAGE = YES_ERROR;
				CLANG_WARN_EMPTY_BODY = YES;
				CLANG_WARN_ENUM_CONVERSION = YES;
				CLANG_WARN_INT_CONVERSION = YES;
				CLANG_WARN_OBJC_ROOT_CLASS = YES_ERROR;
				CLANG_WARN_UNREACHABLE_CODE = YES;
				CLANG_WARN__DUPLICATE_METHOD_MATCH = YES;
				"CODE_SIGN_IDENTITY[sdk=iphoneos*]" = "iPhone Developer";
				COPY_PHASE_STRIP = YES;
				ENABLE_NS_ASSERTIONS = NO;
				ENABLE_STRICT_OBJC_MSGSEND = YES;
				GCC_C_LANGUAGE_STANDARD = gnu99;
				GCC_WARN_64_TO_32_BIT_CONVERSION = YES;
				GCC_WARN_ABOUT_RETURN_TYPE = YES_ERROR;
				GCC_WARN_UNDECLARED_SELECTOR = YES;
				GCC_WARN_UNINITIALIZED_AUTOS = YES_AGGRESSIVE;
				GCC_WARN_UNUSED_FUNCTION = YES;
				GCC_WARN_UNUSED_VARIABLE = YES;
				IPHONEOS_DEPLOYMENT_TARGET = 8.1;
				MTL_ENABLE_DEBUG_INFO = NO;
				SDKROOT = iphoneos;
				TARGETED_DEVICE_FAMILY = "1,2";
				VALIDATE_PRODUCT = YES;
			};
			name = Release;
		};
		A58F37F21A6DA10A0070CBFC /* Debug */ = {
			isa = XCBuildConfiguration;
			buildSettings = {
				ASSETCATALOG_COMPILER_APPICON_NAME = AppIcon;
				INFOPLIST_FILE = TestPush/Info.plist;
				LD_RUNPATH_SEARCH_PATHS = "$(inherited) @executable_path/Frameworks";
				PRODUCT_NAME = "$(TARGET_NAME)";
			};
			name = Debug;
		};
		A58F37F31A6DA10A0070CBFC /* Release */ = {
			isa = XCBuildConfiguration;
			buildSettings = {
				ASSETCATALOG_COMPILER_APPICON_NAME = AppIcon;
				INFOPLIST_FILE = TestPush/Info.plist;
				LD_RUNPATH_SEARCH_PATHS = "$(inherited) @executable_path/Frameworks";
				PRODUCT_NAME = "$(TARGET_NAME)";
			};
			name = Release;
		};
		A58F37F51A6DA10A0070CBFC /* Debug */ = {
			isa = XCBuildConfiguration;
			buildSettings = {
				BUNDLE_LOADER = "$(TEST_HOST)";
				FRAMEWORK_SEARCH_PATHS = (
					"$(SDKROOT)/Developer/Library/Frameworks",
					"$(inherited)",
				);
				GCC_PREPROCESSOR_DEFINITIONS = (
					"DEBUG=1",
					"$(inherited)",
				);
				INFOPLIST_FILE = TestPushTests/Info.plist;
				LD_RUNPATH_SEARCH_PATHS = "$(inherited) @executable_path/Frameworks @loader_path/Frameworks";
				PRODUCT_NAME = "$(TARGET_NAME)";
				TEST_HOST = "$(BUILT_PRODUCTS_DIR)/TestPush.app/TestPush";
			};
			name = Debug;
		};
		A58F37F61A6DA10A0070CBFC /* Release */ = {
			isa = XCBuildConfiguration;
			buildSettings = {
				BUNDLE_LOADER = "$(TEST_HOST)";
				FRAMEWORK_SEARCH_PATHS = (
					"$(SDKROOT)/Developer/Library/Frameworks",
					"$(inherited)",
				);
				INFOPLIST_FILE = TestPushTests/Info.plist;
				LD_RUNPATH_SEARCH_PATHS = "$(inherited) @executable_path/Frameworks @loader_path/Frameworks";
				PRODUCT_NAME = "$(TARGET_NAME)";
				TEST_HOST = "$(BUILT_PRODUCTS_DIR)/TestPush.app/TestPush";
			};
			name = Release;
		};
/* End XCBuildConfiguration section */

/* Begin XCConfigurationList section */
		A58F37C91A6DA10A0070CBFC /* Build configuration list for PBXProject "TestPush" */ = {
			isa = XCConfigurationList;
			buildConfigurations = (
				A58F37EF1A6DA10A0070CBFC /* Debug */,
				A58F37F01A6DA10A0070CBFC /* Release */,
			);
			defaultConfigurationIsVisible = 0;
			defaultConfigurationName = Release;
		};
		A58F37F11A6DA10A0070CBFC /* Build configuration list for PBXNativeTarget "TestPush" */ = {
			isa = XCConfigurationList;
			buildConfigurations = (
				A58F37F21A6DA10A0070CBFC /* Debug */,
				A58F37F31A6DA10A0070CBFC /* Release */,
			);
			defaultConfigurationIsVisible = 0;
		};
		A58F37F41A6DA10A0070CBFC /* Build configuration list for PBXNativeTarget "TestPushTests" */ = {
			isa = XCConfigurationList;
			buildConfigurations = (
				A58F37F51A6DA10A0070CBFC /* Debug */,
				A58F37F61A6DA10A0070CBFC /* Release */,
			);
			defaultConfigurationIsVisible = 0;
		};
/* End XCConfigurationList section */
	};
	rootObject = A58F37C61A6DA10A0070CBFC /* Project object */;
}
